{
  "lockfileVersion": 1,
  "configVersion": 1,
  "workspaces": {
    "": {
      "name": "@yunarch/eslint-oxlint-diff",
      "dependencies": {
        "@oxlint/migrate": "1.81.0",
        "commander": "15.0.0",
        "jsonc-parser": "3.3.1",
      },
      "devDependencies": {
        "@types/bun": "1.4.0",
        "@types/node": "26.4.1",
        "husky": "9.1.7",
        "oxfmt": "0.66.0",
        "oxlint": "1.81.0",
        "oxlint-tsgolint": "7.0.2001",
        "rimraf": "6.1.3",
        "tsdown": "0.22.14",
        "typescript": "6.0.3",
      },
    },
  },
  "packages": {
    "@oxc-parser/binding-android-arm-eabi": ["@oxc-parser/binding-android-arm-eabi@0.148.0", "", { "os": "android", "cpu": "arm" }, "sha512-pHASv9g5pASxb7akHERZNSkrEqPhFaUix98o7d9hbTpolnnFWl7UiRrcMhCsV1+iVO4/cJwKsbKRJTFNs2tdBQ=="],

    "@oxc-parser/binding-android-arm64": ["@oxc-parser/binding-android-arm64@0.148.0", "", { "os": "android", "cpu": "arm64" }, "sha512-sg/6Ez0KdAygsu0POELux9wN1Po2CP93WY8eNl4DBKIGprsd4QSHBXOb471Pu9i2OCD5sLkISSb2agZEhVn2Zw=="],

    "@oxc-parser/binding-darwin-arm64": ["@oxc-parser/binding-darwin-arm64@0.148.0", "", { "os": "darwin", "cpu": "arm64" }, "sha512-yiSJmzGUvCUaJT8X3j40gVcX+ckuHQMuiOtF8DvzTs5+JtB/7XuHFPp4M+vv5u+HlBtDUd4Ks5pyHpWz8mfnkg=="],

    "@oxc-parser/binding-darwin-x64": ["@oxc-parser/binding-darwin-x64@0.148.0", "", { "os": "darwin", "cpu": "x64" }, "sha512-6ZeklaamrMy4H2JmhvcJg6iip59tYILtuLaILxyAHT3l5FDxnI5ihVievAft5ZmAbqtlWHErOi1OpJK8gy1wcA=="],

    "@oxc-parser/binding-freebsd-x64": ["@oxc-parser/binding-freebsd-x64@0.148.0", "", { "os": "freebsd", "cpu": "x64" }, "sha512-vFsPx+a/qFECPnz/H8nC6x6MDvnWscLTCo/5muojEF54ERUq1kdgbvnWo95YnkhjF9sTIcG/uDxQBh1gffaufQ=="],

    "@oxc-parser/binding-linux-arm-gnueabihf": ["@oxc-parser/binding-linux-arm-gnueabihf@0.148.0", "", { "os": "linux", "cpu": "arm" }, "sha512-eOr3M+6iGbbxNL4PSS0VtsyQ2eOUxSBh00BqO22SbolDimPSYsBuLr/LCrZBkiqW2BoabhR6V4R8jrRAay7hjg=="],

    "@oxc-parser/binding-linux-arm-musleabihf": ["@oxc-parser/binding-linux-arm-musleabihf@0.148.0", "", { "os": "linux", "cpu": "arm" }, "sha512-58ZKDw0mQRbCNfrd2IDyV4o8T7enzGERJn41BH2tjrZVGyiKiFzcfDicuB7Zcpb/1xIOrObovr8Dja6lZi8dLw=="],

    "@oxc-parser/binding-linux-arm64-gnu": ["@oxc-parser/binding-linux-arm64-gnu@0.148.0", "", { "os": "linux", "cpu": "arm64" }, "sha512-Fnu95O4eZ5i++GPvIzBEZ8y4ddTLR+D9paYa8JRaRk6ZK7nHQiWP5xtrhcPQsXqgat1d7sU/d5rbbI0p1FTHSQ=="],

    "@oxc-parser/binding-linux-arm64-musl": ["@oxc-parser/binding-linux-arm64-musl@0.148.0", "", { "os": "linux", "cpu": "arm64" }, "sha512-3CQy/BMdx7N7H3qrcPxUL+a2CwUZodUcf6oq8iJuNZ9C6Ol1aq3mcWzsgySJ7CHFLvpX21ZDPp1r1X0QLbu/AQ=="],

    "@oxc-parser/binding-linux-ppc64-gnu": ["@oxc-parser/binding-linux-ppc64-gnu@0.148.0", "", { "os": "linux", "cpu": "ppc64" }, "sha512-9LkaYvfiF8hMOw900csAvkf1oxE8XlmMeGowu5BcastSSwV8mKvKRMNU7HsV+ycyj1dQD8pX5qgOw8ja6SJacg=="],

    "@oxc-parser/binding-linux-riscv64-gnu": ["@oxc-parser/binding-linux-riscv64-gnu@0.148.0", "", { "os": "linux", "cpu": "none" }, "sha512-2GBiM9h26dR4WJfhoMvnFMnFLf7m/kYs4UMqjvrOfQG4BV1nuTJDH22Zc2MQr3INZF7nSKYQ6xlhD3hQ7A6gug=="],

    "@oxc-parser/binding-linux-riscv64-musl": ["@oxc-parser/binding-linux-riscv64-musl@0.148.0", "", { "os": "linux", "cpu": "none" }, "sha512-uPqZexvKJmEgq4mAu36qe2xTfXZE7oyik1R7KtZ5tl8qKlq1U1fIqTFRUEBZqRGvforoTrGIpatRzcoPKO66RA=="],

    "@oxc-parser/binding-linux-s390x-gnu": ["@oxc-parser/binding-linux-s390x-gnu@0.148.0", "", { "os": "linux", "cpu": "s390x" }, "sha512-9oUHvnTbp7ZraFsTC8PN6XhdhPSSxZumYvixWl7Smi353gEULvK6yV0sXNVrdFMHQeaDKFCi8TgDhNK7/A+Y+Q=="],

    "@oxc-parser/binding-linux-x64-gnu": ["@oxc-parser/binding-linux-x64-gnu@0.148.0", "", { "os": "linux", "cpu": "x64" }, "sha512-2qhDSJwKzbSZzF7lDqqk8sr/yXsmwr3PeUa4/nazIF+zFAYz1gVPEfC34GQtGxzJUUmklaYAL63368LEfrMeyw=="],

    "@oxc-parser/binding-linux-x64-musl": ["@oxc-parser/binding-linux-x64-musl@0.148.0", "", { "os": "linux", "cpu": "x64" }, "sha512-qQoPDZUFV0bh9xA09XydmkjMBpgc1ukJuhMvzQ9QeVmFaHTS9W5TE5CoLmSl3QQyUP9OuHO3x/WPZTIIZPWR3Q=="],

    "@oxc-parser/binding-openharmony-arm64": ["@oxc-parser/binding-openharmony-arm64@0.148.0", "", { "os": "none", "cpu": "arm64" }, "sha512-1UGbaQWEXUCLqAmaR5kwRDjx/R4S5LQKZkM9CHmaHkuKhriOF32aRLfS0jCRNE2yGQJLMEA1z9UucbBVqjXnDw=="],

    "@oxc-parser/binding-win32-arm64-msvc": ["@oxc-parser/binding-win32-arm64-msvc@0.148.0", "", { "os": "win32", "cpu": "arm64" }, "sha512-pWKdzRDNG2+NK4h/V6U/CYERcfYD6u28h5IB/VJVsrZaD3muvE58tUj22lieL5vLZ+XFi1GPv9YXckZbJZ9BLA=="],

    "@oxc-parser/binding-win32-ia32-msvc": ["@oxc-parser/binding-win32-ia32-msvc@0.148.0", "", { "os": "win32", "cpu": "ia32" }, "sha512-i3p4x+mvwtjcE1J5HM6V7ggsbXiznExN/4MkNyOy3dfXrVV3bnkSfmZxvo6/84qCVX4ShkpNE1SKt9biIF31GQ=="],

    "@oxc-parser/binding-win32-x64-msvc": ["@oxc-parser/binding-win32-x64-msvc@0.148.0", "", { "os": "win32", "cpu": "x64" }, "sha512-Ye6vB7VQulghWYkYkECOBYFRVEizz4XyRTUAv+t8BuyurhKU7uD0P9eowL+mKG5Mf8MSYx+DI3Cm8SKZvYG7bQ=="],

    "@oxc-project/types": ["@oxc-project/types@0.147.0", "", {}, "sha512-IJ3s6ltHLp45S0bh7phkX+gJO7A1Wuz2EaqpAhb8WjqDwbzMiWKHhyyT42tskaWjEYXtHtVCPpnBJVT9+dcRLg=="],

    "@oxfmt/binding-android-arm-eabi": ["@oxfmt/binding-android-arm-eabi@0.66.0", "", { "os": "android", "cpu": "arm" }, "sha512-2Me9eoptv6ERdEuI2P8AOlYdHHraXebJaM6SC0kc2Dfb+mLrep2db+fedBPKaYn673h/vBgvP4tkOdAbaudX6w=="],

    "@oxfmt/binding-android-arm64": ["@oxfmt/binding-android-arm64@0.66.0", "", { "os": "android", "cpu": "arm64" }, "sha512-u7O+bSSF0HGsDKkQQxBqvLGVepu93RA+JKu+ONqvfh4sCnCEbj31wZj4iG5gk3XfRwrmYj0/8catkO2LcblQKQ=="],

    "@oxfmt/binding-darwin-arm64": ["@oxfmt/binding-darwin-arm64@0.66.0", "", { "os": "darwin", "cpu": "arm64" }, "sha512-/ikyMIVjX/sdo7KtjxoEsSUosfPzveVhT9RWMx9yGqFDKFJ89JAEKuEeLBmurDjrkb4w8tOnAdSO3SBaplY3bw=="],

    "@oxfmt/binding-darwin-x64": ["@oxfmt/binding-darwin-x64@0.66.0", "", { "os": "darwin", "cpu": "x64" }, "sha512-q5xUsKeFqawa9NXa6ZGXWimFV19m8MogKPdTaSVDAAk2EQKBmBZRDeluwcl1p8ty/OFc9s9888OKEh3xfPVH0g=="],

    "@oxfmt/binding-freebsd-x64": ["@oxfmt/binding-freebsd-x64@0.66.0", "", { "os": "freebsd", "cpu": "x64" }, "sha512-CR+x4VzMY0pRXLK/xFQ/RzsSFkP5t2Z2mef0QY6OP/rTRcMUoMLCOM62/3Fp/t0K+UDoBKxvMyeb6D0zPMjleA=="],

    "@oxfmt/binding-linux-arm-gnueabihf": ["@oxfmt/binding-linux-arm-gnueabihf@0.66.0", "", { "os": "linux", "cpu": "arm" }, "sha512-ZEYmO/LbH9tTQCADILHGZE4GeOXOAj2VzedHkASNwjmwlwtutJCLpCJbIs37wRGTFgWRoEcD72jpMX+IBJUGjQ=="],

    "@oxfmt/binding-linux-arm-musleabihf": ["@oxfmt/binding-linux-arm-musleabihf@0.66.0", "", { "os": "linux", "cpu": "arm" }, "sha512-hNtR9/oU0CeTkq7JnRkmBQwqe17v2ZaAMLC4VcN7IIOWeRyWDk0knSPWS9iiLmtbZ2RRBBtsG01jQgkZmKCJeQ=="],

    "@oxfmt/binding-linux-arm64-gnu": ["@oxfmt/binding-linux-arm64-gnu@0.66.0", "", { "os": "linux", "cpu": "arm64" }, "sha512-uwOVQ8i6I1LT/+eDzfsgrrcZp8Fn6NPVUPn8fF5gdFGekFf0PddF+LEuwsD0/pbNUcKZhDj2rQ5UpITh9gF4iQ=="],

    "@oxfmt/binding-linux-arm64-musl": ["@oxfmt/binding-linux-arm64-musl@0.66.0", "", { "os": "linux", "cpu": "arm64" }, "sha512-tTkF2Dmx4nGAjmBlZb+UtTGqR/EK4ZrW9qBfzte07a9XWqzoGGKzpFFlyNDhQe+Uwql94+ReCTeNbhOXscw1Dg=="],

    "@oxfmt/binding-linux-ppc64-gnu": ["@oxfmt/binding-linux-ppc64-gnu@0.66.0", "", { "os": "linux", "cpu": "ppc64" }, "sha512-F3cKHUav4yXOHn6GFnwpBhSYsJOYKKf9eqO/9jlEuqPxNw9zb98E9ZFct79gcg8pibUGkbveEu9WDlmXJpDzKw=="],

    "@oxfmt/binding-linux-riscv64-gnu": ["@oxfmt/binding-linux-riscv64-gnu@0.66.0", "", { "os": "linux", "cpu": "none" }, "sha512-K5fDaNZfDyQMYA/3qL21bqyN0X9T15LLwwbFPt2aHc94+ZG7bh0vZEsy2y7NlRnjjHFSwN+Hzg6ldJtbOriH4Q=="],

    "@oxfmt/binding-linux-riscv64-musl": ["@oxfmt/binding-linux-riscv64-musl@0.66.0", "", { "os": "linux", "cpu": "none" }, "sha512-44Yc+I+qOmTElRcEhm5hUKIUJEQIOugymz4ua4tB0Wox7tGAfIbjzmXz/HDAtw1Ij6gmBwZlzh4hc9679RhWeA=="],

    "@oxfmt/binding-linux-s390x-gnu": ["@oxfmt/binding-linux-s390x-gnu@0.66.0", "", { "os": "linux", "cpu": "s390x" }, "sha512-1e29Eg9hEj2kRBB19M0seIehPbbXHCk35GvImjDvb79rjjYjXCRmtbUNHJcgoktZAMIzXrTbxDBKmTc1V4bg3A=="],

    "@oxfmt/binding-linux-x64-gnu": ["@oxfmt/binding-linux-x64-gnu@0.66.0", "", { "os": "linux", "cpu": "x64" }, "sha512-vODY1UQo10gngn0+D4xHKU84F1Twm1LqrzV4SqPXvmQKSd87paehvZ6jqA5wKs6XQrlWul9clYMDVHcoW9CPMA=="],

    "@oxfmt/binding-linux-x64-musl": ["@oxfmt/binding-linux-x64-musl@0.66.0", "", { "os": "linux", "cpu": "x64" }, "sha512-YDzXx2JsT4+HL4MdkVrYjO55NS5lUKNm8rLC4ZPou8+seu0v0jhecSh+ufoO6+xEa8gccEezMlI2WHJi4ApUgw=="],

    "@oxfmt/binding-openharmony-arm64": ["@oxfmt/binding-openharmony-arm64@0.66.0", "", { "os": "none", "cpu": "arm64" }, "sha512-mJjUYd8lj0+j4JkYyEM+5qKBf1Rnrpgjn/SVYKJhicVDqLz566ooa7Fs8zflPqt+dnZDV7X054rVIQX6ZcQNlQ=="],

    "@oxfmt/binding-win32-arm64-msvc": ["@oxfmt/binding-win32-arm64-msvc@0.66.0", "", { "os": "win32", "cpu": "arm64" }, "sha512-soV+0vESv7e5ntCHWC61x4gg8OSak6IHHnWsZmHrJFlvMj2AK+kmldErCNkVkrvc1Ts2/++rJXn+IuAb2WMXhw=="],

    "@oxfmt/binding-win32-ia32-msvc": ["@oxfmt/binding-win32-ia32-msvc@0.66.0", "", { "os": "win32", "cpu": "ia32" }, "sha512-YCPi23uRIEYuIKTZohAkKbPFpujQ5QBuUM5iDv+UqbCmTPAkaFsxjsSuB8xlBpRT0G7eP/4HMF+cPDSqHtOD9A=="],

    "@oxfmt/binding-win32-x64-msvc": ["@oxfmt/binding-win32-x64-msvc@0.66.0", "", { "os": "win32", "cpu": "x64" }, "sha512-bwTQcv/JVRPkOqQtMF0X7vpvpncDQiBcXHxZ9S2hR12Hlo8bvBdUR5x5XnxzDZ3kM0qoZw1rv7KaD66Ly+pFWA=="],

    "@oxlint-tsgolint/darwin-arm64": ["@oxlint-tsgolint/darwin-arm64@7.0.2001", "", { "os": "darwin", "cpu": "arm64" }, "sha512-CUJEdbSZ54+Xy9OXqOhWLTKZKV0BBiV7C2i/ygyVmXtkUNXx5YCzN8DpSSshTAKktoL7S+tnQ/ftFG/i7X896w=="],

    "@oxlint-tsgolint/darwin-x64": ["@oxlint-tsgolint/darwin-x64@7.0.2001", "", { "os": "darwin", "cpu": "x64" }, "sha512-pXfBb5BqONCcgrXQNUZWXgiYmRSWJzd97S8i41VVOh6ut0tyo+cJ5FKFpczDHxiVNfj/3e7c9B4MtztNdpIVCw=="],

    "@oxlint-tsgolint/linux-arm64": ["@oxlint-tsgolint/linux-arm64@7.0.2001", "", { "os": "linux", "cpu": "arm64" }, "sha512-roP7zujb/QDPzDwEKsFFpzNHHy91/Y7oX9vQXk78ekyZtcQj1QXDIMH33gjDdHBfRl4K9pZ36xhRgrP4Zr+R8A=="],

    "@oxlint-tsgolint/linux-x64": ["@oxlint-tsgolint/linux-x64@7.0.2001", "", { "os": "linux", "cpu": "x64" }, "sha512-UDezNqdECVmngu2TPnjaS1YoAmcTaBoI5lV9vk3VahBxoi+I5r9k3iJTT7qZoYWOXTD/7T7bNcwRgrocR6BscQ=="],

    "@oxlint-tsgolint/win32-arm64": ["@oxlint-tsgolint/win32-arm64@7.0.2001", "", { "os": "win32", "cpu": "arm64" }, "sha512-uJZhqB6pdXLuN+AD1F5082byyQti/NPmJA77GtcFlmT2HzRelqbNls3SaIqxpjdFgvSBF9g0yOKGBkGFg7kX8Q=="],

    "@oxlint-tsgolint/win32-x64": ["@oxlint-tsgolint/win32-x64@7.0.2001", "", { "os": "win32", "cpu": "x64" }, "sha512-FkDRm8hx9OwzGQqyWG1tO5QrTLRApff9DzSgpz9QZau37BR8d1VYKOxMLGf6shPZntJFoTwIIJYT68VndYDCog=="],

    "@oxlint/binding-android-arm-eabi": ["@oxlint/binding-android-arm-eabi@1.81.0", "", { "os": "android", "cpu": "arm" }, "sha512-IcCRsXiedJoJopY6mpZUBEeVFsUrutmrG7dZ87zMuKJlhg70Ora9bBl1WcCxZQtyI10YpnVdEso5oCg7YcfSHw=="],

    "@oxlint/binding-android-arm64": ["@oxlint/binding-android-arm64@1.81.0", "", { "os": "android", "cpu": "arm64" }, "sha512-GRrIPyTGVhx3L3h+0T5xT2A0jFAcdPv4+IfuXpGDLIdl6XeYhgg/zw72A5ILZoUgRqZuM8F1y+V/gfDriXSxzQ=="],

    "@oxlint/binding-darwin-arm64": ["@oxlint/binding-darwin-arm64@1.81.0", "", { "os": "darwin", "cpu": "arm64" }, "sha512-qNQ9tXRgLuKbqSV1S2h9h4KPHjbovO7RRR2/enUOtHzTkFZ7B9X5zqqHJua8dRyc7dBy7Aoyq5pqTSLFVcAzGQ=="],

    "@oxlint/binding-darwin-x64": ["@oxlint/binding-darwin-x64@1.81.0", "", { "os": "darwin", "cpu": "x64" }, "sha512-q0QTm32jWga2Gv4j7IaVZN0jYMi9UV73sWVgFtDA4iIfqwMCLLZ3ve+9KwfYtsaKZSgQhmPaogeZWqDZpcY1Pw=="],

    "@oxlint/binding-freebsd-x64": ["@oxlint/binding-freebsd-x64@1.81.0", "", { "os": "freebsd", "cpu": "x64" }, "sha512-/+8wVWDXEC7wHVAhOc59Fw/SkMc1arLkFD8iQCaSsmzenK1X4doFqquL9H1wrtGUzaiycVqkf/sSpcILK6W1UA=="],

    "@oxlint/binding-linux-arm-gnueabihf": ["@oxlint/binding-linux-arm-gnueabihf@1.81.0", "", { "os": "linux", "cpu": "arm" }, "sha512-4xt422FEgioRq9hAL4Tq7fujGUWnc8z1BJ+Oi8RN8vB8axaP+sdK6a2xdlcQCCYnJg9QMuMFS0AucuIFx/EacA=="],

    "@oxlint/binding-linux-arm-musleabihf": ["@oxlint/binding-linux-arm-musleabihf@1.81.0", "", { "os": "linux", "cpu": "arm" }, "sha512-u3vna8KdGplH4DRCW9K54D68fcMo7IxVrkCJWwXnIhwtBdnDnYrmzOUA/XjmBlPpcLsgw9Z5BNdY4za9+Dj+MQ=="],

    "@oxlint/binding-linux-arm64-gnu": ["@oxlint/binding-linux-arm64-gnu@1.81.0", "", { "os": "linux", "cpu": "arm64" }, "sha512-3j9k+gsYsE7nv71GWotXsqsa2l9/aJenD7dVHNt/CBvsb0SgRjSMnHFeP59IXUAl1wvVFhqGl2wJNMwWU3UBlA=="],

    "@oxlint/binding-linux-arm64-musl": ["@oxlint/binding-linux-arm64-musl@1.81.0", "", { "os": "linux", "cpu": "arm64" }, "sha512-k5iAp3dNxW0/uDCBY+WSm8jKB2szu7SkEQZdgRRpDXvuDd69vvDcqhB3A/pWCfCwXyenjNjFn9Td1fVoyAc+Yg=="],

    "@oxlint/binding-linux-ppc64-gnu": ["@oxlint/binding-linux-ppc64-gnu@1.81.0", "", { "os": "linux", "cpu": "ppc64" }, "sha512-TFqLja3uYmVSte6nof9GWrex9Z8WgdZrNiLC6Te5rXGDqXB2y4j/26iFhwosXiAFqDhE9JJVuuCkDKLwptTn1g=="],

    "@oxlint/binding-linux-riscv64-gnu": ["@oxlint/binding-linux-riscv64-gnu@1.81.0", "", { "os": "linux", "cpu": "none" }, "sha512-UEcySvGS0NOVo7h7n7CYyJL9+6gFAh7Zc/ToDXVScFvzHSTIxtzkMVU30rmQ6+nQ1LF+UdiRDdJajpDu+OylLg=="],

    "@oxlint/binding-linux-riscv64-musl": ["@oxlint/binding-linux-riscv64-musl@1.81.0", "", { "os": "linux", "cpu": "none" }, "sha512-H+diDbhD00+wI1IRP8Kz88x/lat+DgtoBJzoTthS16xkTJGNaEkfb8gzmd1rzc/2uDQQMl7GNl+JFUacVeWxIA=="],

    "@oxlint/binding-linux-s390x-gnu": ["@oxlint/binding-linux-s390x-gnu@1.81.0", "", { "os": "linux", "cpu": "s390x" }, "sha512-8znJ/5TekjOKg1j1Acho4PJMdiAHLtlcXuWEiipOhAMV6rQcXdmDdXCbheyDczN6TjBwiNfjcP81k4AthrKRzw=="],

    "@oxlint/binding-linux-x64-gnu": ["@oxlint/binding-linux-x64-gnu@1.81.0", "", { "os": "linux", "cpu": "x64" }, "sha512-Q2Wj70yFsvn5QjlmifFzbj4H+kJy53bwqc41o1fzoM7MpLV1NIbhg/LpWXRfC6KOkSAdUx1Wd8VJsdPmhp/HRA=="],

    "@oxlint/binding-linux-x64-musl": ["@oxlint/binding-linux-x64-musl@1.81.0", "", { "os": "linux", "cpu": "x64" }, "sha512-cPInHp/ddEe5qkyK2IiyQ8Q3Mp2oLLEhhsGgTK2oZx4L6+llGam1H1yBvJZ7qHfOXj8N3hxBS8sj4tO+gtFlIg=="],

    "@oxlint/binding-openharmony-arm64": ["@oxlint/binding-openharmony-arm64@1.81.0", "", { "os": "none", "cpu": "arm64" }, "sha512-0CQxSX4ajqm07AHBf5U33qQzXKdd7wtq/oTL/7vpY6RNNuxrRi8W4bqUV1Jyu/vj+9KmxQyDhxfeVX1nQL6kfg=="],

    "@oxlint/binding-win32-arm64-msvc": ["@oxlint/binding-win32-arm64-msvc@1.81.0", "", { "os": "win32", "cpu": "arm64" }, "sha512-l0hbeISm9673hVrrQU8j/p2M7YH9Ouoj7p7E/QM55NTrKVLP+P3PF8hLu+OY+x0VtGRW+ggiQKZqmdYps9H+TA=="],

    "@oxlint/binding-win32-ia32-msvc": ["@oxlint/binding-win32-ia32-msvc@1.81.0", "", { "os": "win32", "cpu": "ia32" }, "sha512-ksqPP5jbFXcYreEQ7zdJh06rJQBymCTyGRCdaXjfcf2aG4f8KxUWY5wcgYHmaTK+FJ4bPG5sUAdOX+6trnH1JA=="],

    "@oxlint/binding-win32-x64-msvc": ["@oxlint/binding-win32-x64-msvc@1.81.0", "", { "os": "win32", "cpu": "x64" }, "sha512-IZuUCwGw9emG5JtCp+fYGB+Z4OWEoeEcM8R5BA1pYw63/ieYFVdcU2ylxTpHbVHSenZnsYE+ZZ20uHAJszQ4cA=="],

    "@oxlint/migrate": ["@oxlint/migrate@1.81.0", "", { "dependencies": { "commander": "^15.0.0", "globals": "^17.0.0", "oxc-parser": "^0.148.0", "tinyglobby": "^0.2.14" }, "bin": { "@oxlint/migrate": "./dist/bin/oxlint-migrate.mjs" } }, "sha512-UtxoRO+JSJwSUcOHBd4T4AEldcPy7qrvXpJNspUifw17e2Z5Wlq52gvGe6O+PFX+QUC38SB0sXNu4+xPGuoGYQ=="],

    "@quansync/fs": ["@quansync/fs@1.0.0", "", { "dependencies": { "quansync": "^1.0.0" } }, "sha512-4TJ3DFtlf1L5LDMaM6CanJ/0lckGNtJcMjQ1NAV6zDmA0tEHKZtxNKin8EgPaVX1YzljbxckyT2tJrpQKAtngQ=="],

    "@rolldown/binding-android-arm-eabi": ["@rolldown/binding-android-arm-eabi@1.2.6", "", { "os": "android", "cpu": "arm" }, "sha512-b+jTcARdTiFLI6jB4a5XjTm0RWd6KcRfQj/I2356fxUZemiho9zQLxo0RtCuMDAyKcLo6cEltkgbQp6d1+sjjQ=="],

    "@rolldown/binding-android-arm64": ["@rolldown/binding-android-arm64@1.2.6", "", { "os": "android", "cpu": "arm64" }, "sha512-lkWU8ZJaRk9q3CIEY1Tc7vIFALp3Xw5NfGJo2hQg5oIqNgxWi1zI+IiDEK3r70BF5Dzol1tcXsnzsRc8NLhG+Q=="],

    "@rolldown/binding-darwin-arm64": ["@rolldown/binding-darwin-arm64@1.2.6", "", { "os": "darwin", "cpu": "arm64" }, "sha512-dgR56NYnvAszm7Ob1B2/Vn0e8bUQYZH2UjVaMMtMVOCKFSfjhfLmuA/9+O+F+ajUdG6B/bSssrKW6JJYASa8jA=="],

    "@rolldown/binding-darwin-x64": ["@rolldown/binding-darwin-x64@1.2.6", "", { "os": "darwin", "cpu": "x64" }, "sha512-vpVxFvUCFioJqug7OTvqptkc4yb8UX0AwfDmJpaR/0sWz+BUmqSVAf7c8JkUgnN8YLspb4a/N6NhTyMAmdyQ7Q=="],

    "@rolldown/binding-freebsd-x64": ["@rolldown/binding-freebsd-x64@1.2.6", "", { "os": "freebsd", "cpu": "x64" }, "sha512-h1wG6Y6K3JlRswxsI64qQJqBAy4vrLuHgRbc8CZMGSWTOFRY6ghMApM1NKzB2I0n5xV1fjkE18SuVl2QpLeNpA=="],

    "@rolldown/binding-linux-arm-gnueabihf": ["@rolldown/binding-linux-arm-gnueabihf@1.2.6", "", { "os": "linux", "cpu": "arm" }, "sha512-tbCiqub0q2MVWJKgF5PoAlNWCtQydiOYSLIkd8sByqK/6MMYLJRcSXSYodqYtd0O+Fw7QaVmKKlS4oL94YRZ0w=="],

    "@rolldown/binding-linux-arm64-gnu": ["@rolldown/binding-linux-arm64-gnu@1.2.6", "", { "os": "linux", "cpu": "arm64" }, "sha512-oxK9+baEBPhZG5HB4URY+uU04zJWeZlH6Tb9rB5DK4DF9XR1uXNLXt5Q5ZsugTKayNCNLhkcwz/ye74hRI98dg=="],

    "@rolldown/binding-linux-arm64-musl": ["@rolldown/binding-linux-arm64-musl@1.2.6", "", { "os": "linux", "cpu": "arm64" }, "sha512-muWCk27FVBEZtv0MsK8gnfSmgczA8KQ0uRVJbTABKhkRfQc38aUrcb7fhi3BNiyseFmgcRsoMfQsSNJ+DbZdSw=="],

    "@rolldown/binding-linux-ppc64-gnu": ["@rolldown/binding-linux-ppc64-gnu@1.2.6", "", { "os": "linux", "cpu": "ppc64" }, "sha512-eWDoSfU7Co2qj3vgB3Dt4lj1mG6CoWbcJQkRMP3XJplyCMtuaq3LHvPFjS9QIPvMGWVadJC04Xiy0IdcVPtnwQ=="],

    "@rolldown/binding-linux-s390x-gnu": ["@rolldown/binding-linux-s390x-gnu@1.2.6", "", { "os": "linux", "cpu": "s390x" }, "sha512-2bWNjRSIayvupRKxXUY2tWG9fYdoUlTqWywHRvE8Eq3GvuQ+f2HeIkve697fIt+IQs/PV8yFsdWuhp1aJ1PdnA=="],

    "@rolldown/binding-linux-x64-gnu": ["@rolldown/binding-linux-x64-gnu@1.2.6", "", { "os": "linux", "cpu": "x64" }, "sha512-KekI0gS0wLxe1UBSQSjenBVwou/JkcQPDzBPICGZjxUv9k3RteHDPBQaiOicZUFKRIH2wKEimGwVpnJsbPzu7w=="],

    "@rolldown/binding-linux-x64-musl": ["@rolldown/binding-linux-x64-musl@1.2.6", "", { "os": "linux", "cpu": "x64" }, "sha512-TvtPnfVr+HtyGiDmPK4VWmlNm7QhNNAcK5Q9A7aOXsI8545yCyaoMaicXrFZ72JzeYjaUVk7yT243zT0jzjFKQ=="],

    "@rolldown/binding-openharmony-arm64": ["@rolldown/binding-openharmony-arm64@1.2.6", "", { "os": "none", "cpu": "arm64" }, "sha512-iOo0VEay2XFhaCcH0sps5XIimkSuOnNaZrf6+ZkoSOQBJPKNU48RkmJv0/lSpipexu5P+ouFgafe5IGr/DiQfg=="],

    "@rolldown/binding-win32-arm64-msvc": ["@rolldown/binding-win32-arm64-msvc@1.2.6", "", { "os": "win32", "cpu": "arm64" }, "sha512-y5NTmmasMS455JlOCO4ZM9krIchv3Mvm1crL1iUPGOPgEzSkves9n0SdC5Sjz6+qWDFhd8/JpfWMH8NSWNHe+A=="],

    "@rolldown/binding-win32-x64-msvc": ["@rolldown/binding-win32-x64-msvc@1.2.6", "", { "os": "win32", "cpu": "x64" }, "sha512-np8iZSLfXlAD4kWhiyq/u0Yt8oZDtRQ8lGhQaCXo2rl37KNjeU0GjJuwr4P3oeZ++ROfofsKNBqR5LTO8aXyWQ=="],

    "@rolldown/pluginutils": ["@rolldown/pluginutils@1.0.1", "", {}, "sha512-2j9bGt5Jh8hj+vPtgzPtl72j0yRxHAyumoo6TNfAjsLB04UtpSvPbPcDcBMxz7n+9CYB0c1GxQFxYRg2jimqGw=="],

    "@types/bun": ["@types/bun@1.4.0", "", { "dependencies": { "bun-types": "1.4.0" } }, "sha512-K+lZULY23vRgK/CfTjFIV+tyifaNdSMlPh9j+6mQ/cLfpOznLyAuzgV/JQysyECpkBQLVMSyvjlr2fBUSA9wFQ=="],

    "@types/node": ["@types/node@26.4.1", "", { "dependencies": { "undici-types": "~8.3.0" } }, "sha512-k97ENvZWtvA6yqz5/FS6a7duDgOPEeOQOc2iKS/nY6mX6qJUKtLnWzQS+Xj6tXweyj6ZcTAK2Qecetnvi9nCLA=="],

    "@yuku-codegen/binding-android-arm64": ["@yuku-codegen/binding-android-arm64@0.8.7", "", { "os": "android", "cpu": "arm64" }, "sha512-C/0zV5IhgVdYhGJTwrY0v8dknxlhiKwtVJkMUaexu9/QvRmzlV4vfU3hZlUSgqc2BxQHntL1mCVbDq8j0FRFDw=="],

    "@yuku-codegen/binding-darwin-arm64": ["@yuku-codegen/binding-darwin-arm64@0.8.7", "", { "os": "darwin", "cpu": "arm64" }, "sha512-/u+REDMI4a0/lsJXTM4c53/w31OGZLOReZIyg62uhgLs0kc8NHsj/nOcxTdlQjq5gi0zhdkccD9LaLTXcdzPvw=="],

    "@yuku-codegen/binding-darwin-x64": ["@yuku-codegen/binding-darwin-x64@0.8.7", "", { "os": "darwin", "cpu": "x64" }, "sha512-sMMzFOwCo4WXR+/6zIBThOocSC50iIIZZdfiIDbaLvj0Ax/rWt/iavyfEAqajyvzydLyCqR/ZItdLWSRlu1umw=="],

    "@yuku-codegen/binding-freebsd-x64": ["@yuku-codegen/binding-freebsd-x64@0.8.7", "", { "os": "freebsd", "cpu": "x64" }, "sha512-MpdpKXix9P+Y1rKgjvcNeNtGjXeL1CmttNhYINrWls8kRpm4xM/oBGTmn6w7to8lAlwj5jm8q03dQPl5mRv4Qw=="],

    "@yuku-codegen/binding-linux-arm-gnu": ["@yuku-codegen/binding-linux-arm-gnu@0.8.7", "", { "os": "linux", "cpu": "arm" }, "sha512-rr1srFLlPAmC1vtxfc9C1YLDe3iH09YjfSeeIidBqKhzx1MATjOAq4mjlRUOnhr/L27MotWIYOFKwVsd5JZFOg=="],

    "@yuku-codegen/binding-linux-arm-musl": ["@yuku-codegen/binding-linux-arm-musl@0.8.7", "", { "os": "linux", "cpu": "arm" }, "sha512-eAufXh8qBRpiSO6ueaMDL+yyoXIGLhpUce72YbcACtZU2qhExwBIJyEtQf5kH2Ki0X2aqkSjSfog4OPtKXan3Q=="],

    "@yuku-codegen/binding-linux-arm64-gnu": ["@yuku-codegen/binding-linux-arm64-gnu@0.8.7", "", { "os": "linux", "cpu": "arm64" }, "sha512-gw4w6wPoHObBrdIC4duVWLmJOvpdE25j5D7yrM5mACNlK4klRz/lv8hK+ssQk9EJHBgZjSaqZIJVFgqNYbfv7A=="],

    "@yuku-codegen/binding-linux-arm64-musl": ["@yuku-codegen/binding-linux-arm64-musl@0.8.7", "", { "os": "linux", "cpu": "arm64" }, "sha512-L68N6Y4XkqcIaKo3Ra88JEvBEH4AHff44A4INcrxeVWZ8CZtu2tCpfVxe3hR8qQQMcvBSQlDn24KpkCKEhVvfA=="],

    "@yuku-codegen/binding-linux-x64-gnu": ["@yuku-codegen/binding-linux-x64-gnu@0.8.7", "", { "os": "linux", "cpu": "x64" }, "sha512-dzyAbltJmf3Cqlb8HcFuYIf5Yn0fl1vTr3XJ9HiVNNvOlhqPSArOqtw9vI1p6/VTXTjrMLXlU+s+/kNHiIy/Cw=="],

    "@yuku-codegen/binding-linux-x64-musl": ["@yuku-codegen/binding-linux-x64-musl@0.8.7", "", { "os": "linux", "cpu": "x64" }, "sha512-Otw4MH3404q0Bbvl+YTdW9aoUV5vXmUw8260bWvt1XlaoIX/ceSgI4ygheRDMfBPoHt6FDayQaO9OLVUZAgkFA=="],

    "@yuku-codegen/binding-win32-arm64": ["@yuku-codegen/binding-win32-arm64@0.8.7", "", { "os": "win32", "cpu": "arm64" }, "sha512-qo/jyrzryiBuKEsFiuWaBCBe3tRMynQ0qFWFgOEjcCMQeZfBm+wKiVEUEFXXLc7bh8YezguAWp0Mtnhq4ARNyA=="],

    "@yuku-codegen/binding-win32-x64": ["@yuku-codegen/binding-win32-x64@0.8.7", "", { "os": "win32", "cpu": "x64" }, "sha512-D5lDsVDx6m00E6bWySlWdH72Ca4TPSaphDqB6QjU6MpuNLIJqoGoatYyq2rOmBE8Zv/kunot/o58KGL03P3eiA=="],

    "@yuku-parser/binding-android-arm64": ["@yuku-parser/binding-android-arm64@0.8.7", "", { "os": "android", "cpu": "arm64" }, "sha512-eGKYiUDX7Y0V7tDTmg+JTVnXnjMqfXXsorZ+EDf5kxwchQ3Or1HS14MzI2fw+jFhHR85fCWt+mtX33Yao73hIQ=="],

    "@yuku-parser/binding-darwin-arm64": ["@yuku-parser/binding-darwin-arm64@0.8.7", "", { "os": "darwin", "cpu": "arm64" }, "sha512-Re0RHelKLnjEURulY2/KxW+Ngb8zuNA4BRZuMwgGQNzVumT6u4U2N2hc01oeYVNVof0i7GrXE4UCNBgbpRRnjQ=="],

    "@yuku-parser/binding-darwin-x64": ["@yuku-parser/binding-darwin-x64@0.8.7", "", { "os": "darwin", "cpu": "x64" }, "sha512-Hn8DROtQkjlA1ACbPgj4a7eP9IuVOI504oiTwpkWPbpaDWD9KdmnVYCqW+1LfenNK/g7O9NhWGpXEdaCNX7lIA=="],

    "@yuku-parser/binding-freebsd-x64": ["@yuku-parser/binding-freebsd-x64@0.8.7", "", { "os": "freebsd", "cpu": "x64" }, "sha512-bAP2OV8wRuzplX/jYxv9+vvqQT8JxyNphI8fLfXGL054Xs+4/J5u33cIm3y4rxY8rdoLmmdiJs2Tq7r7lrDRfA=="],

    "@yuku-parser/binding-linux-arm-gnu": ["@yuku-parser/binding-linux-arm-gnu@0.8.7", "", { "os": "linux", "cpu": "arm" }, "sha512-kTYwJQQgmZeAWdDIWabiReIZMpmfLueIj1tCmjStUtFGhR1Z0qwxonKVfUC4N7h/VhGGzLZ//7O1kgt1QKqgCg=="],

    "@yuku-parser/binding-linux-arm-musl": ["@yuku-parser/binding-linux-arm-musl@0.8.7", "", { "os": "linux", "cpu": "arm" }, "sha512-uL4jE8HPT2BLlxAXyD10LqgPuXa9eDa0BKpCdSANmzIJghq/2eZo3/gQNtaxPZMupWoxjYzSad9IXrwu7aYPXQ=="],

    "@yuku-parser/binding-linux-arm64-gnu": ["@yuku-parser/binding-linux-arm64-gnu@0.8.7", "", { "os": "linux", "cpu": "arm64" }, "sha512-3gVN4pWSKZmXiNX7cU164dR9MPvesCHnlH6nPfpK+yQsCuYphjKKplcb4SnZBrhiqmXbgb2HR0c2TS0IZUPhgA=="],

    "@yuku-parser/binding-linux-arm64-musl": ["@yuku-parser/binding-linux-arm64-musl@0.8.7", "", { "os": "linux", "cpu": "arm64" }, "sha512-S0mwfEjoLpxzXeZw802Wa4RaELsQiPtWqG6INcy8j4GtvNFtl4LCX3eGO1XLn9pyLAISLzTRyU3zUCBUPin8lg=="],

    "@yuku-parser/binding-linux-x64-gnu": ["@yuku-parser/binding-linux-x64-gnu@0.8.7", "", { "os": "linux", "cpu": "x64" }, "sha512-lnbWdPmerE5D1uH1G4IEZKnPzCrWCStRGrtgpSIe1RibAo5bZIjDbbbPYXmMHCEh4F+x/JaJpElh26a3r+BPbg=="],

    "@yuku-parser/binding-linux-x64-musl": ["@yuku-parser/binding-linux-x64-musl@0.8.7", "", { "os": "linux", "cpu": "x64" }, "sha512-769uwndMvMzUvATWbAcEvyLHKA+DzhHSCl/obBUrRdYfRo26yxui6S8y3z7uJ+Naup7UKrDxrpK7OnQkxkl9KQ=="],

    "@yuku-parser/binding-win32-arm64": ["@yuku-parser/binding-win32-arm64@0.8.7", "", { "os": "win32", "cpu": "arm64" }, "sha512-mEB/9PlaAkisJ6KWGz0zvywXoU6+80dTlR2LwS7s/jcXXoU6fm2+sitBZXtqu3+Q4DcDgPxM45uWMCzPs0TSRw=="],

    "@yuku-parser/binding-win32-x64": ["@yuku-parser/binding-win32-x64@0.8.7", "", { "os": "win32", "cpu": "x64" }, "sha512-8vNB2DP0ou61nGb8tc/qfi41gfyDXz1MHr2zqL3nR+cJ6CEbiuWV/l/a/vv151gCgiZLLAyGkQGENpozdg716w=="],

    "@yuku-toolchain/types": ["@yuku-toolchain/types@0.8.7", "", {}, "sha512-2Z53dNxAJL6UvFoIrDZvYf3zlO8s4VJK4O2hhaB4mXVwwpX/7ajtss3cmfqKvamlNLWyt9FSWs4eoYdlbxpnHA=="],

    "ansis": ["ansis@4.3.1", "", {}, "sha512-BJ8/l4R5LRE7hW9WdSuGYrLSHi2ynxeFpDFbH0K/CgNeY/tyhk+vO6TYxXC5r5CpUhNVX310xzPsN/H9lCdfOA=="],

    "balanced-match": ["balanced-match@4.0.4", "", {}, "sha512-BLrgEcRTwX2o6gGxGOCNyMvGSp35YofuYzw9h1IMTRmKqttAZZVU67bdb9Pr2vUHA8+j3i2tJfjO6C6+4myGTA=="],

    "brace-expansion": ["brace-expansion@5.0.9", "", { "dependencies": { "balanced-match": "^4.0.2" } }, "sha512-ScQ4IuvIEF1TMlP7Zt+vjJ//9zlPb2SDcxWxM3bk8s6t6GGdJ7KO1dCcTidOPJKePW30LE/2cT7wCyPho9/Wxg=="],

    "bun-types": ["bun-types@1.4.0", "", { "dependencies": { "@types/node": "*" } }, "sha512-iIKw23BspnQQYd3prITOBxeUsxBHnwzX6YJfGMuNOZzeNcMmVqzIIVGRm1l69ogaPQmb4wB6BN8mA5bE9YuC5Q=="],

    "cac": ["cac@7.0.0", "", {}, "sha512-tixWYgm5ZoOD+3g6UTea91eow5z6AAHaho3g0V9CNSNb45gM8SmflpAc+GRd1InC4AqN/07Unrgp56Y94N9hJQ=="],

    "commander": ["commander@15.0.0", "", {}, "sha512-z67u4ZhzCL/Tydu1lJARtEZYWbWaN7oYLHbsuzocr6y4N6WZAagG3RQ4FW61V1/0+jImpj293XfrcYnd1qxtPg=="],

    "defu": ["defu@6.1.7", "", {}, "sha512-7z22QmUWiQ/2d0KkdYmANbRUVABpZ9SNYyH5vx6PZ+nE5bcC0l7uFvEfHlyld/HcGBFTL536ClDt3DEcSlEJAQ=="],

    "dts-resolver": ["dts-resolver@3.0.0", "", { "peerDependencies": { "oxc-resolver": ">=11.0.0" }, "optionalPeers": ["oxc-resolver"] }, "sha512-1T1f+z+4tl9XD+m+0HBgWoL/nm0bOIffyWaUuUSBlFg/86IWvfx+wjNaO/ybU0AJzG9/Mi5hBUgGV6zCmWEN7Q=="],

    "empathic": ["empathic@2.0.1", "", {}, "sha512-YGRs8knHhKHVShLkFET/rWAU8kmHbOV5LwN938RHI0pljAJ1Gf6SzXsSmRaEzcXTtOOmVqJ5+WtQPL5uigY50Q=="],

    "fdir": ["fdir@6.5.0", "", { "peerDependencies": { "picomatch": "^3 || ^4" }, "optionalPeers": ["picomatch"] }, "sha512-tIbYtZbucOs0BRGqPJkshJUYdL+SDH7dVM8gjy+ERp3WAUjLEFJE+02kanyHtwjWOnwrKYBiwAmM0p4kLJAnXg=="],

    "get-tsconfig": ["get-tsconfig@5.0.0-beta.5", "", { "dependencies": { "resolve-pkg-maps": "^1.0.0" } }, "sha512-/6gFNr0N04nob252sTQxyFLi3eKFRqIg1I87YcqAMT1i6SQrSF6KujUEQrtrjMV0H/eejTCltLdDSTEMzHbnsQ=="],

    "glob": ["glob@13.0.6", "", { "dependencies": { "minimatch": "^10.2.2", "minipass": "^7.1.3", "path-scurry": "^2.0.2" } }, "sha512-Wjlyrolmm8uDpm/ogGyXZXb1Z+Ca2B8NbJwqBVg0axK9GbBeoS7yGV6vjXnYdGm6X53iehEuxxbyiKp8QmN4Vw=="],

    "globals": ["globals@17.12.0", "", {}, "sha512-cezEd/DTyyht9cvSSURyygXPfy04GtWO/5e6ZPvH7fCtjKz9PYOmuawphw1Ctd1f6C+5JypXfGD7ahNMXvevBA=="],

    "hookable": ["hookable@6.1.1", "", {}, "sha512-U9LYDy1CwhMCnprUfeAZWZGByVbhd54hwepegYTK7Pi5NvqEj63ifz5z+xukznehT7i6NIZRu89Ay1AZmRsLEQ=="],

    "husky": ["husky@9.1.7", "", { "bin": { "husky": "bin.js" } }, "sha512-5gs5ytaNjBrh5Ow3zrvdUUY+0VxIuWVL4i9irt6friV+BqdCfmV11CQTWMiBYWHbXhco+J1kHfTOUkePhCDvMA=="],

    "import-without-cache": ["import-without-cache@0.4.0", "", {}, "sha512-NkJQA7oZ4YHQhd2+H3BoRFKF3d/XNsiKpHZCQEMH9pDX27hQQLsTyOocyRgaIVtf8gHX3Nt3LPkR4e5EdtPAGQ=="],

    "jsonc-parser": ["jsonc-parser@3.3.1", "", {}, "sha512-HUgH65KyejrUFPvHFPbqOY0rsFip3Bo5wb4ngvdi1EpCYWUQDC5V+Y7mZws+DLkr4M//zQJoanu1SP+87Dv1oQ=="],

    "lru-cache": ["lru-cache@11.5.2", "", {}, "sha512-4pfM1Ff0x50o0tQwb5ucw/RzNyD0/YJME6IVcStalZuMWxdt3sR3huStTtxz4PUmvZfRguvDejasvQ2kifR11g=="],

    "minimatch": ["minimatch@10.2.6", "", { "dependencies": { "brace-expansion": "^5.0.8" } }, "sha512-vpLQEs+VLCr1nU0BXS07maYoFwlDAH0gngQuuttxIwutDFEMHq2blX+8vpgxDdK3J1PwjCJiep77OitTZ4Ll1A=="],

    "minipass": ["minipass@7.1.3", "", {}, "sha512-tEBHqDnIoM/1rXME1zgka9g6Q2lcoCkxHLuc7ODJ5BxbP5d4c2Z5cGgtXAku59200Cx7diuHTOYfSBD8n6mm8A=="],

    "obug": ["obug@2.1.4", "", {}, "sha512-4a+OsYv9UktOJKE+l1A4OufDgdRF9PifWj+tJnHURo/P+WOxpG4GzUFL9qCalmWauao6ogiG+QvnCovwPoyAWA=="],

    "oxc-parser": ["oxc-parser@0.148.0", "", { "dependencies": { "@oxc-project/types": "^0.148.0" }, "optionalDependencies": { "@oxc-parser/binding-android-arm-eabi": "0.148.0", "@oxc-parser/binding-android-arm64": "0.148.0", "@oxc-parser/binding-darwin-arm64": "0.148.0", "@oxc-parser/binding-darwin-x64": "0.148.0", "@oxc-parser/binding-freebsd-x64": "0.148.0", "@oxc-parser/binding-linux-arm-gnueabihf": "0.148.0", "@oxc-parser/binding-linux-arm-musleabihf": "0.148.0", "@oxc-parser/binding-linux-arm64-gnu": "0.148.0", "@oxc-parser/binding-linux-arm64-musl": "0.148.0", "@oxc-parser/binding-linux-ppc64-gnu": "0.148.0", "@oxc-parser/binding-linux-riscv64-gnu": "0.148.0", "@oxc-parser/binding-linux-riscv64-musl": "0.148.0", "@oxc-parser/binding-linux-s390x-gnu": "0.148.0", "@oxc-parser/binding-linux-x64-gnu": "0.148.0", "@oxc-parser/binding-linux-x64-musl": "0.148.0", "@oxc-parser/binding-openharmony-arm64": "0.148.0", "@oxc-parser/binding-win32-arm64-msvc": "0.148.0", "@oxc-parser/binding-win32-ia32-msvc": "0.148.0", "@oxc-parser/binding-win32-x64-msvc": "0.148.0" } }, "sha512-syxUKHeUll89RIABQADcI7sikYrwyssvA6gj4phSSIPezKVM8yMaLAiLLSc7fmzVvrwybfFGFbW5zme9sX87rg=="],

    "oxfmt": ["oxfmt@0.66.0", "", { "dependencies": { "tinypool": "2.1.0" }, "optionalDependencies": { "@oxfmt/binding-android-arm-eabi": "0.66.0", "@oxfmt/binding-android-arm64": "0.66.0", "@oxfmt/binding-darwin-arm64": "0.66.0", "@oxfmt/binding-darwin-x64": "0.66.0", "@oxfmt/binding-freebsd-x64": "0.66.0", "@oxfmt/binding-linux-arm-gnueabihf": "0.66.0", "@oxfmt/binding-linux-arm-musleabihf": "0.66.0", "@oxfmt/binding-linux-arm64-gnu": "0.66.0", "@oxfmt/binding-linux-arm64-musl": "0.66.0", "@oxfmt/binding-linux-ppc64-gnu": "0.66.0", "@oxfmt/binding-linux-riscv64-gnu": "0.66.0", "@oxfmt/binding-linux-riscv64-musl": "0.66.0", "@oxfmt/binding-linux-s390x-gnu": "0.66.0", "@oxfmt/binding-linux-x64-gnu": "0.66.0", "@oxfmt/binding-linux-x64-musl": "0.66.0", "@oxfmt/binding-openharmony-arm64": "0.66.0", "@oxfmt/binding-win32-arm64-msvc": "0.66.0", "@oxfmt/binding-win32-ia32-msvc": "0.66.0", "@oxfmt/binding-win32-x64-msvc": "0.66.0" }, "peerDependencies": { "svelte": "^5.0.0", "vite-plus": "*" }, "optionalPeers": ["svelte", "vite-plus"], "bin": { "oxfmt": "bin/oxfmt" } }, "sha512-FfvqR8RFtV6JJpRrpkfqyVCQ7HDvZ/VriWFx7veftCgL1B5ZO9qNr+1rvPieycMQnNfVG0PWyJQiy7p0hq1I5w=="],

    "oxlint": ["oxlint@1.81.0", "", { "optionalDependencies": { "@oxlint/binding-android-arm-eabi": "1.81.0", "@oxlint/binding-android-arm64": "1.81.0", "@oxlint/binding-darwin-arm64": "1.81.0", "@oxlint/binding-darwin-x64": "1.81.0", "@oxlint/binding-freebsd-x64": "1.81.0", "@oxlint/binding-linux-arm-gnueabihf": "1.81.0", "@oxlint/binding-linux-arm-musleabihf": "1.81.0", "@oxlint/binding-linux-arm64-gnu": "1.81.0", "@oxlint/binding-linux-arm64-musl": "1.81.0", "@oxlint/binding-linux-ppc64-gnu": "1.81.0", "@oxlint/binding-linux-riscv64-gnu": "1.81.0", "@oxlint/binding-linux-riscv64-musl": "1.81.0", "@oxlint/binding-linux-s390x-gnu": "1.81.0", "@oxlint/binding-linux-x64-gnu": "1.81.0", "@oxlint/binding-linux-x64-musl": "1.81.0", "@oxlint/binding-openharmony-arm64": "1.81.0", "@oxlint/binding-win32-arm64-msvc": "1.81.0", "@oxlint/binding-win32-ia32-msvc": "1.81.0", "@oxlint/binding-win32-x64-msvc": "1.81.0" }, "peerDependencies": { "oxlint-tsgolint": ">=7.0.2001", "vite-plus": "*" }, "optionalPeers": ["oxlint-tsgolint", "vite-plus"], "bin": { "oxlint": "bin/oxlint" } }, "sha512-HyrJYqeoOCL0iqaLEzGewGT48ZX99P3hxYh8udAF9RGGIghSamkXE4ClUyBpEDNqasamThgmlPbuMOe7SAZmHg=="],

    "oxlint-tsgolint": ["oxlint-tsgolint@7.0.2001", "", { "optionalDependencies": { "@oxlint-tsgolint/darwin-arm64": "7.0.2001", "@oxlint-tsgolint/darwin-x64": "7.0.2001", "@oxlint-tsgolint/linux-arm64": "7.0.2001", "@oxlint-tsgolint/linux-x64": "7.0.2001", "@oxlint-tsgolint/win32-arm64": "7.0.2001", "@oxlint-tsgolint/win32-x64": "7.0.2001" }, "bin": { "tsgolint": "./bin/tsgolint.js" } }, "sha512-KjK/XLcXr1DSyonKhsuFqJRiuKqcyG9j3LJ8nkOsrLzGvodBPqzHOKauy10asLMDI0sUpvb+1sxlzff3udZvfg=="],

    "package-json-from-dist": ["package-json-from-dist@1.0.1", "", {}, "sha512-UEZIS3/by4OC8vL3P2dTXRETpebLI2NiI5vIrjaD/5UtrkFX/tNbwjTSRAGC/+7CAo2pIcBaRgWmcBBHcsaCIw=="],

    "path-scurry": ["path-scurry@2.0.2", "", { "dependencies": { "lru-cache": "^11.0.0", "minipass": "^7.1.2" } }, "sha512-3O/iVVsJAPsOnpwWIeD+d6z/7PmqApyQePUtCndjatj/9I5LylHvt5qluFaBT3I5h3r1ejfR056c+FCv+NnNXg=="],

    "picomatch": ["picomatch@4.0.7", "", {}, "sha512-qcJu88Q2IWqJsDD529JKMdwGm/dvInW4HvQnRwiH9JtihJvzGOscDtHE3x1pBKeUOTysQ8kVmLnJ2kJu7yhcGA=="],

    "quansync": ["quansync@1.0.0", "", {}, "sha512-5xZacEEufv3HSTPQuchrvV6soaiACMFnq1H8wkVioctoH3TRha9Sz66lOxRwPK/qZj7HPiSveih9yAyh98gvqA=="],

    "resolve-pkg-maps": ["resolve-pkg-maps@1.0.0", "", {}, "sha512-seS2Tj26TBVOC2NIc2rOe2y2ZO7efxITtLZcGSOnHHNOQ7CkiUBfw0Iw2ck6xkIhPwLhKNLS8BO+hEpngQlqzw=="],

    "rimraf": ["rimraf@6.1.3", "", { "dependencies": { "glob": "^13.0.3", "package-json-from-dist": "^1.0.1" }, "bin": { "rimraf": "dist/esm/bin.mjs" } }, "sha512-LKg+Cr2ZF61fkcaK1UdkH2yEBBKnYjTyWzTJT6KNPcSPaiT7HSdhtMXQuN5wkTX0Xu72KQ1l8S42rlmexS2hSA=="],

    "rolldown": ["rolldown@1.2.6", "", { "dependencies": { "@oxc-project/types": "=0.147.0", "@rolldown/pluginutils": "^1.0.0" }, "optionalDependencies": { "@rolldown/binding-android-arm-eabi": "1.2.6", "@rolldown/binding-android-arm64": "1.2.6", "@rolldown/binding-darwin-arm64": "1.2.6", "@rolldown/binding-darwin-x64": "1.2.6", "@rolldown/binding-freebsd-x64": "1.2.6", "@rolldown/binding-linux-arm-gnueabihf": "1.2.6", "@rolldown/binding-linux-arm64-gnu": "1.2.6", "@rolldown/binding-linux-arm64-musl": "1.2.6", "@rolldown/binding-linux-ppc64-gnu": "1.2.6", "@rolldown/binding-linux-s390x-gnu": "1.2.6", "@rolldown/binding-linux-x64-gnu": "1.2.6", "@rolldown/binding-linux-x64-musl": "1.2.6", "@rolldown/binding-openharmony-arm64": "1.2.6", "@rolldown/binding-win32-arm64-msvc": "1.2.6", "@rolldown/binding-win32-x64-msvc": "1.2.6" }, "bin": { "rolldown": "./bin/cli.mjs" } }, "sha512-vMM4q3aixf46GiF1Kok8jDPFsEpXgFWGjUHXNkNHNm+Y2adXAG2dbX91jkti3i0ZRsOlcmbuzAz1poObSHCmUA=="],

    "rolldown-plugin-dts": ["rolldown-plugin-dts@0.27.14", "", { "dependencies": { "dts-resolver": "^3.0.0", "get-tsconfig": "5.0.0-beta.5", "obug": "^2.1.4", "yuku-ast": "^0.8.0", "yuku-codegen": "^0.8.0", "yuku-parser": "^0.8.0" }, "peerDependencies": { "@typescript/native-preview": "*", "@volar/typescript": "~2.4.0", "rolldown": "^1.0.0", "typescript": "^5.0.0 || ^6.0.0 || ~7.0.0", "vue-tsc": "~3.2.0 || ~3.3.0" }, "optionalPeers": ["@typescript/native-preview", "@volar/typescript", "typescript", "vue-tsc"] }, "sha512-ZvuDDwoIpRK9RPxDXratCpklFO9QZZWndf/sd0VBFb4LEj0jj07UcHK9OCh7V4XiFz2Z89ziyBC2K6tJiDjrbw=="],

    "tinyexec": ["tinyexec@1.3.0", "", {}, "sha512-QKAl9m8gWWGHV8jZcPeym6j+XULi6tOf1mT83WYJ4Lk2ytW/uwAWkrP0uFsdoYMdueVJ0qs26wZ+23xeB4ibNQ=="],

    "tinyglobby": ["tinyglobby@0.2.17", "", { "dependencies": { "fdir": "^6.5.0", "picomatch": "^4.0.4" } }, "sha512-wXR/dYpcqKmfWpEdZjiKJOwCNFndD0DMnrW/cYjVGttEkBfVgcLFHoNrlj47mjOVic9yyNu65alsgF4NQyTa2g=="],

    "tinypool": ["tinypool@2.1.0", "", {}, "sha512-Pugqs6M0m7Lv1I7FtxN4aoyToKg1C4tu+/381vH35y8oENM/Ai7f7C4StcoK4/+BSw9ebcS8jRiVrORFKCALLw=="],

    "tree-kill": ["tree-kill@1.2.2", "", { "bin": { "tree-kill": "cli.js" } }, "sha512-L0Orpi8qGpRG//Nd+H90vFB+3iHnue1zSSGmNOOCh1GLJ7rUKVwV2HvijphGQS2UmhUZewS9VgvxYIdgr+fG1A=="],

    "tsdown": ["tsdown@0.22.14", "", { "dependencies": { "ansis": "^4.3.1", "cac": "^7.0.0", "defu": "^6.1.7", "empathic": "^2.0.1", "hookable": "^6.1.1", "import-without-cache": "^0.4.0", "obug": "^2.1.4", "picomatch": "^4.0.5", "rolldown": "~1.2.0", "rolldown-plugin-dts": "^0.27.13", "tinyexec": "^1.2.4", "tinyglobby": "^0.2.17", "tree-kill": "^1.2.2", "unconfig-core": "^7.5.0", "verkit": "^0.3.0" }, "peerDependencies": { "@arethetypeswrong/core": "^0.18.1", "@tsdown/css": "0.22.14", "@tsdown/exe": "0.22.14", "@vitejs/devtools": "*", "publint": "^0.3.8", "tsx": "*", "typescript": "^5.0.0 || ^6.0.0 || ^7.0.0", "unplugin-unused": "^0.5.0", "unrun": "*" }, "optionalPeers": ["@arethetypeswrong/core", "@tsdown/css", "@tsdown/exe", "@vitejs/devtools", "publint", "tsx", "typescript", "unplugin-unused", "unrun"], "bin": { "tsdown": "./dist/run.mjs" } }, "sha512-ule7Y+fsAN2iZbLDoo7C4KYljFJNJJ+fLshyn+9gozeTspVersWHxwdGB+Dm2hzA38s6muFnUTl0jK3vJm9ifQ=="],

    "typescript": ["typescript@6.0.3", "", { "bin": { "tsc": "bin/tsc", "tsserver": "bin/tsserver" } }, "sha512-y2TvuxSZPDyQakkFRPZHKFm+KKVqIisdg9/CZwm9ftvKXLP8NRWj38/ODjNbr43SsoXqNuAisEf1GdCxqWcdBw=="],

    "unconfig-core": ["unconfig-core@7.5.0", "", { "dependencies": { "@quansync/fs": "^1.0.0", "quansync": "^1.0.0" } }, "sha512-Su3FauozOGP44ZmKdHy2oE6LPjk51M/TRRjHv2HNCWiDvfvCoxC2lno6jevMA91MYAdCdwP05QnWdWpSbncX/w=="],

    "undici-types": ["undici-types@8.3.0", "", {}, "sha512-j375ScV60dom+YkPFIfTLcOiPxkN/buHz5GobjLhixFuANaNs3C9l4GmrWqejgXWJ7BbJcFYpTEUkS1Ge8bpZQ=="],

    "verkit": ["verkit@0.3.2", "", {}, "sha512-zj/ob3UsvJGN0whEAKFp53REA5X66hvffVqoCtVQAakJKnKlH+/PcOfMoFwIG/o4rElqLv/ycAFlx8ZlXUorCg=="],

    "yuku-ast": ["yuku-ast@0.8.7", "", { "dependencies": { "@yuku-toolchain/types": "^0.8.7" } }, "sha512-h6+4bDfyootiMB9vckk5uKo5r5j0GHrkr17FQTDNfEsFT3DWlN9uu1HJwQwc64pgmLCI945fWM3lbTIqxjT3GQ=="],

    "yuku-codegen": ["yuku-codegen@0.8.7", "", { "dependencies": { "@yuku-toolchain/types": "^0.8.7" }, "optionalDependencies": { "@yuku-codegen/binding-android-arm64": "0.8.7", "@yuku-codegen/binding-darwin-arm64": "0.8.7", "@yuku-codegen/binding-darwin-x64": "0.8.7", "@yuku-codegen/binding-freebsd-x64": "0.8.7", "@yuku-codegen/binding-linux-arm-gnu": "0.8.7", "@yuku-codegen/binding-linux-arm-musl": "0.8.7", "@yuku-codegen/binding-linux-arm64-gnu": "0.8.7", "@yuku-codegen/binding-linux-arm64-musl": "0.8.7", "@yuku-codegen/binding-linux-x64-gnu": "0.8.7", "@yuku-codegen/binding-linux-x64-musl": "0.8.7", "@yuku-codegen/binding-win32-arm64": "0.8.7", "@yuku-codegen/binding-win32-x64": "0.8.7" } }, "sha512-adwDZSh8oVDzhE6Du9PwVWxcOxeV0e2EVhUuMKWfhSY4wkrDq9eqixlxFF3l/XGUV1E7UFzhpz9393MUumkyNw=="],

    "yuku-parser": ["yuku-parser@0.8.7", "", { "dependencies": { "@yuku-toolchain/types": "^0.8.7", "yuku-ast": "^0.8.7" }, "optionalDependencies": { "@yuku-parser/binding-android-arm64": "0.8.7", "@yuku-parser/binding-darwin-arm64": "0.8.7", "@yuku-parser/binding-darwin-x64": "0.8.7", "@yuku-parser/binding-freebsd-x64": "0.8.7", "@yuku-parser/binding-linux-arm-gnu": "0.8.7", "@yuku-parser/binding-linux-arm-musl": "0.8.7", "@yuku-parser/binding-linux-arm64-gnu": "0.8.7", "@yuku-parser/binding-linux-arm64-musl": "0.8.7", "@yuku-parser/binding-linux-x64-gnu": "0.8.7", "@yuku-parser/binding-linux-x64-musl": "0.8.7", "@yuku-parser/binding-win32-arm64": "0.8.7", "@yuku-parser/binding-win32-x64": "0.8.7" } }, "sha512-vRD9nwt4L3aYpxNqeSC4WqLv58xrXef0Ong1Mc45CTXTIpvLafx7JO05sczmQZwdLEZvywrLOGdNC5+Rp5N1BQ=="],

    "oxc-parser/@oxc-project/types": ["@oxc-project/types@0.148.0", "", {}, "sha512-Nm4s/jB+4FpFsPhWGEC4h7rzksesmtnMXomo6rCMcg/b8zLQuOziRgkCS1fxDCXOlJB/6Q8oABOZ/OP6RIPj9A=="],
  }
}
